
Microsoft Visual Studio Solution File, Format Version 12.00
# Visual Studio 2012
Project("{FAE04EC0-301F-11D3-BF4B-00C04F79EFBC}") = "E64", "E64\E64.csproj", "{0647E4DF-2CA9-4A7E-8421-092FDD306E19}"
EndProject
Project("{FAE04EC0-301F-11D3-BF4B-00C04F79EFBC}") = "Test", "Test\Test.csproj", "{73EFA46C-C60E-4F2E-BDE1-CB07833BE366}"
EndProject
Project("{FAE04EC0-301F-11D3-BF4B-00C04F79EFBC}") = "InstructionSetGenerator", "InstructionSetGenerator\InstructionSetGenerator.csproj", "{6FED96CA-5189-42E1-8A5E-E4B802AA6789}"
EndProject
Global
	GlobalSection(SolutionConfigurationPlatforms) = preSolution
		Debug|Any CPU = Debug|Any CPU
		Release|Any CPU = Release|Any CPU
	EndGlobalSection
	GlobalSection(ProjectConfigurationPlatforms) = postSolution
		{0647E4DF-2CA9-4A7E-8421-092FDD306E19}.Debug|Any CPU.ActiveCfg = Debug|Any CPU
		{0647E4DF-2CA9-4A7E-8421-092FDD306E19}.Debug|Any CPU.Build.0 = Debug|Any CPU
		{0647E4DF-2CA9-4A7E-8421-092FDD306E19}.Release|Any CPU.ActiveCfg = Release|Any CPU
		{0647E4DF-2CA9-4A7E-8421-092FDD306E19}.Release|Any CPU.Build.0 = Release|Any CPU
		{73EFA46C-C60E-4F2E-BDE1-CB07833BE366}.Debug|Any CPU.ActiveCfg = Debug|Any CPU
		{73EFA46C-C60E-4F2E-BDE1-CB07833BE366}.Debug|Any CPU.Build.0 = Debug|Any CPU
		{73EFA46C-C60E-4F2E-BDE1-CB07833BE366}.Release|Any CPU.ActiveCfg = Release|Any CPU
		{73EFA46C-C60E-4F2E-BDE1-CB07833BE366}.Release|Any CPU.Build.0 = Release|Any CPU
		{6FED96CA-5189-42E1-8A5E-E4B802AA6789}.Debug|Any CPU.ActiveCfg = Debug|Any CPU
		{6FED96CA-5189-42E1-8A5E-E4B802AA6789}.Debug|Any CPU.Build.0 = Debug|Any CPU
		{6FED96CA-5189-42E1-8A5E-E4B802AA6789}.Release|Any CPU.ActiveCfg = Release|Any CPU
		{6FED96CA-5189-42E1-8A5E-E4B802AA6789}.Release|Any CPU.Build.0 = Release|Any CPU
	EndGlobalSection
	GlobalSection(SolutionProperties) = preSolution
		HideSolutionNode = FALSE
	EndGlobalSection
EndGlobal
